
Microsoft Visual Studio Solution File, Format Version 12.00
# Visual Studio 15
VisualStudioVersion = 15.0.27428.2037
MinimumVisualStudioVersion = 10.0.40219.1
Project("{8BC9CEB8-8B4A-11D0-8D11-00A0C91BC942}") = "Question_4", "Question_4\Question_4.vcxproj", "{0A0B0041-EC25-4B17-A21C-25060079FC5D}"
EndProject
Global
	GlobalSection(SolutionConfigurationPlatforms) = preSolution
		Debug|x64 = Debug|x64
		Debug|x86 = Debug|x86
		Release|x64 = Release|x64
		Release|x86 = Release|x86
	EndGlobalSection
	GlobalSection(ProjectConfigurationPlatforms) = postSolution
		{0A0B0041-EC25-4B17-A21C-25060079FC5D}.Debug|x64.ActiveCfg = Debug|x64
		{0A0B0041-EC25-4B17-A21C-25060079FC5D}.Debug|x64.Build.0 = Debug|x64
		{0A0B0041-EC25-4B17-A21C-25060079FC5D}.Debug|x86.ActiveCfg = Debug|Win32
		{0A0B0041-EC25-4B17-A21C-25060079FC5D}.Debug|x86.Build.0 = Debug|Win32
		{0A0B0041-EC25-4B17-A21C-25060079FC5D}.Release|x64.ActiveCfg = Release|x64
		{0A0B0041-EC25-4B17-A21C-25060079FC5D}.Release|x64.Build.0 = Release|x64
		{0A0B0041-EC25-4B17-A21C-25060079FC5D}.Release|x86.ActiveCfg = Release|Win32
		{0A0B0041-EC25-4B17-A21C-25060079FC5D}.Release|x86.Build.0 = Release|Win32
	EndGlobalSection
	GlobalSection(SolutionProperties) = preSolution
		HideSolutionNode = FALSE
	EndGlobalSection
	GlobalSection(ExtensibilityGlobals) = postSolution
		SolutionGuid = {7CB51707-8934-471F-83A1-7F6E73C0C7B3}
	EndGlobalSection
EndGlobal
