
Microsoft Visual Studio Solution File, Format Version 12.00
# Visual Studio 15
VisualStudioVersion = 15.0.27428.2037
MinimumVisualStudioVersion = 10.0.40219.1
Project("{8BC9CEB8-8B4A-11D0-8D11-00A0C91BC942}") = "Factorial", "Factorial\Factorial.vcxproj", "{05AB2D99-6396-4254-B5C1-3FF96FE4BCE0}"
EndProject
Global
	GlobalSection(SolutionConfigurationPlatforms) = preSolution
		Debug|x64 = Debug|x64
		Debug|x86 = Debug|x86
		Release|x64 = Release|x64
		Release|x86 = Release|x86
	EndGlobalSection
	GlobalSection(ProjectConfigurationPlatforms) = postSolution
		{05AB2D99-6396-4254-B5C1-3FF96FE4BCE0}.Debug|x64.ActiveCfg = Debug|x64
		{05AB2D99-6396-4254-B5C1-3FF96FE4BCE0}.Debug|x64.Build.0 = Debug|x64
		{05AB2D99-6396-4254-B5C1-3FF96FE4BCE0}.Debug|x86.ActiveCfg = Debug|Win32
		{05AB2D99-6396-4254-B5C1-3FF96FE4BCE0}.Debug|x86.Build.0 = Debug|Win32
		{05AB2D99-6396-4254-B5C1-3FF96FE4BCE0}.Release|x64.ActiveCfg = Release|x64
		{05AB2D99-6396-4254-B5C1-3FF96FE4BCE0}.Release|x64.Build.0 = Release|x64
		{05AB2D99-6396-4254-B5C1-3FF96FE4BCE0}.Release|x86.ActiveCfg = Release|Win32
		{05AB2D99-6396-4254-B5C1-3FF96FE4BCE0}.Release|x86.Build.0 = Release|Win32
	EndGlobalSection
	GlobalSection(SolutionProperties) = preSolution
		HideSolutionNode = FALSE
	EndGlobalSection
	GlobalSection(ExtensibilityGlobals) = postSolution
		SolutionGuid = {337DB496-3ACC-4C88-85F8-75D9D3A6C22A}
	EndGlobalSection
EndGlobal
