
Microsoft Visual Studio Solution File, Format Version 12.00
# Visual Studio 15
VisualStudioVersion = 15.0.27428.2037
MinimumVisualStudioVersion = 10.0.40219.1
Project("{8BC9CEB8-8B4A-11D0-8D11-00A0C91BC942}") = "al6025_hw7_q2", "al6025_hw7_q2\al6025_hw7_q2.vcxproj", "{D73F64F7-689E-495B-A2D5-DF5124F6EFAD}"
EndProject
Global
	GlobalSection(SolutionConfigurationPlatforms) = preSolution
		Debug|x64 = Debug|x64
		Debug|x86 = Debug|x86
		Release|x64 = Release|x64
		Release|x86 = Release|x86
	EndGlobalSection
	GlobalSection(ProjectConfigurationPlatforms) = postSolution
		{D73F64F7-689E-495B-A2D5-DF5124F6EFAD}.Debug|x64.ActiveCfg = Debug|x64
		{D73F64F7-689E-495B-A2D5-DF5124F6EFAD}.Debug|x64.Build.0 = Debug|x64
		{D73F64F7-689E-495B-A2D5-DF5124F6EFAD}.Debug|x86.ActiveCfg = Debug|Win32
		{D73F64F7-689E-495B-A2D5-DF5124F6EFAD}.Debug|x86.Build.0 = Debug|Win32
		{D73F64F7-689E-495B-A2D5-DF5124F6EFAD}.Release|x64.ActiveCfg = Release|x64
		{D73F64F7-689E-495B-A2D5-DF5124F6EFAD}.Release|x64.Build.0 = Release|x64
		{D73F64F7-689E-495B-A2D5-DF5124F6EFAD}.Release|x86.ActiveCfg = Release|Win32
		{D73F64F7-689E-495B-A2D5-DF5124F6EFAD}.Release|x86.Build.0 = Release|Win32
	EndGlobalSection
	GlobalSection(SolutionProperties) = preSolution
		HideSolutionNode = FALSE
	EndGlobalSection
	GlobalSection(ExtensibilityGlobals) = postSolution
		SolutionGuid = {D80DA74C-2D76-409A-B3A2-8857873C688F}
	EndGlobalSection
EndGlobal
