
Microsoft Visual Studio Solution File, Format Version 12.00
# Visual Studio 15
VisualStudioVersion = 15.0.27428.2037
MinimumVisualStudioVersion = 10.0.40219.1
Project("{8BC9CEB8-8B4A-11D0-8D11-00A0C91BC942}") = "al6025_hw8_q2", "al6025_hw8_q2\al6025_hw8_q2.vcxproj", "{0B468A24-C1D4-4C0D-80ED-ED7FF9269088}"
EndProject
Global
	GlobalSection(SolutionConfigurationPlatforms) = preSolution
		Debug|x64 = Debug|x64
		Debug|x86 = Debug|x86
		Release|x64 = Release|x64
		Release|x86 = Release|x86
	EndGlobalSection
	GlobalSection(ProjectConfigurationPlatforms) = postSolution
		{0B468A24-C1D4-4C0D-80ED-ED7FF9269088}.Debug|x64.ActiveCfg = Debug|x64
		{0B468A24-C1D4-4C0D-80ED-ED7FF9269088}.Debug|x64.Build.0 = Debug|x64
		{0B468A24-C1D4-4C0D-80ED-ED7FF9269088}.Debug|x86.ActiveCfg = Debug|Win32
		{0B468A24-C1D4-4C0D-80ED-ED7FF9269088}.Debug|x86.Build.0 = Debug|Win32
		{0B468A24-C1D4-4C0D-80ED-ED7FF9269088}.Release|x64.ActiveCfg = Release|x64
		{0B468A24-C1D4-4C0D-80ED-ED7FF9269088}.Release|x64.Build.0 = Release|x64
		{0B468A24-C1D4-4C0D-80ED-ED7FF9269088}.Release|x86.ActiveCfg = Release|Win32
		{0B468A24-C1D4-4C0D-80ED-ED7FF9269088}.Release|x86.Build.0 = Release|Win32
	EndGlobalSection
	GlobalSection(SolutionProperties) = preSolution
		HideSolutionNode = FALSE
	EndGlobalSection
	GlobalSection(ExtensibilityGlobals) = postSolution
		SolutionGuid = {8DC56BD2-0103-47C5-A44F-CF6CF6A58605}
	EndGlobalSection
EndGlobal
