
Microsoft Visual Studio Solution File, Format Version 12.00
# Visual Studio 15
VisualStudioVersion = 15.0.27428.2037
MinimumVisualStudioVersion = 10.0.40219.1
Project("{8BC9CEB8-8B4A-11D0-8D11-00A0C91BC942}") = "Computing_Value_of_a_Simple_Expression", "Computing_Value_of_a_Simple_Expression\Computing_Value_of_a_Simple_Expression.vcxproj", "{0312C8C5-5A0D-4EA4-9BCB-56EE4C722A20}"
EndProject
Global
	GlobalSection(SolutionConfigurationPlatforms) = preSolution
		Debug|x64 = Debug|x64
		Debug|x86 = Debug|x86
		Release|x64 = Release|x64
		Release|x86 = Release|x86
	EndGlobalSection
	GlobalSection(ProjectConfigurationPlatforms) = postSolution
		{0312C8C5-5A0D-4EA4-9BCB-56EE4C722A20}.Debug|x64.ActiveCfg = Debug|x64
		{0312C8C5-5A0D-4EA4-9BCB-56EE4C722A20}.Debug|x64.Build.0 = Debug|x64
		{0312C8C5-5A0D-4EA4-9BCB-56EE4C722A20}.Debug|x86.ActiveCfg = Debug|Win32
		{0312C8C5-5A0D-4EA4-9BCB-56EE4C722A20}.Debug|x86.Build.0 = Debug|Win32
		{0312C8C5-5A0D-4EA4-9BCB-56EE4C722A20}.Release|x64.ActiveCfg = Release|x64
		{0312C8C5-5A0D-4EA4-9BCB-56EE4C722A20}.Release|x64.Build.0 = Release|x64
		{0312C8C5-5A0D-4EA4-9BCB-56EE4C722A20}.Release|x86.ActiveCfg = Release|Win32
		{0312C8C5-5A0D-4EA4-9BCB-56EE4C722A20}.Release|x86.Build.0 = Release|Win32
	EndGlobalSection
	GlobalSection(SolutionProperties) = preSolution
		HideSolutionNode = FALSE
	EndGlobalSection
	GlobalSection(ExtensibilityGlobals) = postSolution
		SolutionGuid = {ECF49460-6E47-4E43-B31B-E0F5056836D2}
	EndGlobalSection
EndGlobal
