
Microsoft Visual Studio Solution File, Format Version 12.00
# Visual Studio 15
VisualStudioVersion = 15.0.27428.2037
MinimumVisualStudioVersion = 10.0.40219.1
Project("{8BC9CEB8-8B4A-11D0-8D11-00A0C91BC942}") = "al6025_hw8_q4", "al6025_hw8_q4\al6025_hw8_q4.vcxproj", "{FB915688-2870-4A9B-9BD5-AF3BAA6433DA}"
EndProject
Global
	GlobalSection(SolutionConfigurationPlatforms) = preSolution
		Debug|x64 = Debug|x64
		Debug|x86 = Debug|x86
		Release|x64 = Release|x64
		Release|x86 = Release|x86
	EndGlobalSection
	GlobalSection(ProjectConfigurationPlatforms) = postSolution
		{FB915688-2870-4A9B-9BD5-AF3BAA6433DA}.Debug|x64.ActiveCfg = Debug|x64
		{FB915688-2870-4A9B-9BD5-AF3BAA6433DA}.Debug|x64.Build.0 = Debug|x64
		{FB915688-2870-4A9B-9BD5-AF3BAA6433DA}.Debug|x86.ActiveCfg = Debug|Win32
		{FB915688-2870-4A9B-9BD5-AF3BAA6433DA}.Debug|x86.Build.0 = Debug|Win32
		{FB915688-2870-4A9B-9BD5-AF3BAA6433DA}.Release|x64.ActiveCfg = Release|x64
		{FB915688-2870-4A9B-9BD5-AF3BAA6433DA}.Release|x64.Build.0 = Release|x64
		{FB915688-2870-4A9B-9BD5-AF3BAA6433DA}.Release|x86.ActiveCfg = Release|Win32
		{FB915688-2870-4A9B-9BD5-AF3BAA6433DA}.Release|x86.Build.0 = Release|Win32
	EndGlobalSection
	GlobalSection(SolutionProperties) = preSolution
		HideSolutionNode = FALSE
	EndGlobalSection
	GlobalSection(ExtensibilityGlobals) = postSolution
		SolutionGuid = {1005ED91-7B87-40F2-996F-145E0D08B89E}
	EndGlobalSection
EndGlobal
