
Microsoft Visual Studio Solution File, Format Version 12.00
# Visual Studio 15
VisualStudioVersion = 15.0.27428.2037
MinimumVisualStudioVersion = 10.0.40219.1
Project("{8BC9CEB8-8B4A-11D0-8D11-00A0C91BC942}") = "al6025_hw7_q7", "al6025_hw7_q7\al6025_hw7_q7.vcxproj", "{AB6733AF-7BC7-4D7D-AAFE-1D73E6394C31}"
EndProject
Global
	GlobalSection(SolutionConfigurationPlatforms) = preSolution
		Debug|x64 = Debug|x64
		Debug|x86 = Debug|x86
		Release|x64 = Release|x64
		Release|x86 = Release|x86
	EndGlobalSection
	GlobalSection(ProjectConfigurationPlatforms) = postSolution
		{AB6733AF-7BC7-4D7D-AAFE-1D73E6394C31}.Debug|x64.ActiveCfg = Debug|x64
		{AB6733AF-7BC7-4D7D-AAFE-1D73E6394C31}.Debug|x64.Build.0 = Debug|x64
		{AB6733AF-7BC7-4D7D-AAFE-1D73E6394C31}.Debug|x86.ActiveCfg = Debug|Win32
		{AB6733AF-7BC7-4D7D-AAFE-1D73E6394C31}.Debug|x86.Build.0 = Debug|Win32
		{AB6733AF-7BC7-4D7D-AAFE-1D73E6394C31}.Release|x64.ActiveCfg = Release|x64
		{AB6733AF-7BC7-4D7D-AAFE-1D73E6394C31}.Release|x64.Build.0 = Release|x64
		{AB6733AF-7BC7-4D7D-AAFE-1D73E6394C31}.Release|x86.ActiveCfg = Release|Win32
		{AB6733AF-7BC7-4D7D-AAFE-1D73E6394C31}.Release|x86.Build.0 = Release|Win32
	EndGlobalSection
	GlobalSection(SolutionProperties) = preSolution
		HideSolutionNode = FALSE
	EndGlobalSection
	GlobalSection(ExtensibilityGlobals) = postSolution
		SolutionGuid = {C967A4AC-B471-4EEE-8F32-6D4B3B8E3322}
	EndGlobalSection
EndGlobal
